{
    "version": 3,
    "terraform_version": "0.11.10",
    "serial": 2,
    "lineage": "35e082e4-e633-c2f7-7645-42fe44ebaf65",
    "modules": [
        {
            "path": [
                "root"
            ],
            "outputs": {},
            "resources": {
                "aws_subnet.subnet.0": {
                    "type": "aws_subnet",
                    "depends_on": [
                        "aws_vpc.main",
                        "data.aws_availability_zones.azs"
                    ],
                    "primary": {
                        "id": "subnet-00ca0558f40b5d4fe",
                        "attributes": {
                            "arn": "arn:aws:ec2:us-west-2:425610409781:subnet/subnet-00ca0558f40b5d4fe",
                            "assign_ipv6_address_on_creation": "false",
                            "availability_zone": "us-west-2a",
                            "availability_zone_id": "usw2-az2",
                            "cidr_block": "190.160.1.0/24",
                            "id": "subnet-00ca0558f40b5d4fe",
                            "ipv6_cidr_block": "",
                            "ipv6_cidr_block_association_id": "",
                            "map_public_ip_on_launch": "false",
                            "owner_id": "425610409781",
                            "tags.%": "1",
                            "tags.Name": "subent-1",
                            "vpc_id": "vpc-05c61f208aec89d74"
                        },
                        "meta": {
                            "e2bfb730-ecaa-11e6-8f88-34363bc7c4c0": {
                                "create": 600000000000,
                                "delete": 600000000000
                            },
                            "schema_version": "1"
                        },
                        "tainted": false
                    },
                    "deposed": [],
                    "provider": "provider.aws"
                },
                "aws_subnet.subnet.1": {
                    "type": "aws_subnet",
                    "depends_on": [
                        "aws_vpc.main",
                        "data.aws_availability_zones.azs"
                    ],
                    "primary": {
                        "id": "subnet-0cbe43ec65e551319",
                        "attributes": {
                            "arn": "arn:aws:ec2:us-west-2:425610409781:subnet/subnet-0cbe43ec65e551319",
                            "assign_ipv6_address_on_creation": "false",
                            "availability_zone": "us-west-2b",
                            "availability_zone_id": "usw2-az1",
                            "cidr_block": "190.160.2.0/24",
                            "id": "subnet-0cbe43ec65e551319",
                            "ipv6_cidr_block": "",
                            "ipv6_cidr_block_association_id": "",
                            "map_public_ip_on_launch": "false",
                            "owner_id": "425610409781",
                            "tags.%": "1",
                            "tags.Name": "subent-2",
                            "vpc_id": "vpc-05c61f208aec89d74"
                        },
                        "meta": {
                            "e2bfb730-ecaa-11e6-8f88-34363bc7c4c0": {
                                "create": 600000000000,
                                "delete": 600000000000
                            },
                            "schema_version": "1"
                        },
                        "tainted": false
                    },
                    "deposed": [],
                    "provider": "provider.aws"
                },
                "aws_subnet.subnet.2": {
                    "type": "aws_subnet",
                    "depends_on": [
                        "aws_vpc.main",
                        "data.aws_availability_zones.azs"
                    ],
                    "primary": {
                        "id": "subnet-0f53c50d8b6ff83eb",
                        "attributes": {
                            "arn": "arn:aws:ec2:us-west-2:425610409781:subnet/subnet-0f53c50d8b6ff83eb",
                            "assign_ipv6_address_on_creation": "false",
                            "availability_zone": "us-west-2c",
                            "availability_zone_id": "usw2-az3",
                            "cidr_block": "190.160.3.0/24",
                            "id": "subnet-0f53c50d8b6ff83eb",
                            "ipv6_cidr_block": "",
                            "ipv6_cidr_block_association_id": "",
                            "map_public_ip_on_launch": "false",
                            "owner_id": "425610409781",
                            "tags.%": "1",
                            "tags.Name": "subent-3",
                            "vpc_id": "vpc-05c61f208aec89d74"
                        },
                        "meta": {
                            "e2bfb730-ecaa-11e6-8f88-34363bc7c4c0": {
                                "create": 600000000000,
                                "delete": 600000000000
                            },
                            "schema_version": "1"
                        },
                        "tainted": false
                    },
                    "deposed": [],
                    "provider": "provider.aws"
                },
                "aws_vpc.main": {
                    "type": "aws_vpc",
                    "depends_on": [],
                    "primary": {
                        "id": "vpc-05c61f208aec89d74",
                        "attributes": {
                            "arn": "arn:aws:ec2:us-west-2:425610409781:vpc/vpc-05c61f208aec89d74",
                            "assign_generated_ipv6_cidr_block": "false",
                            "cidr_block": "190.160.0.0/16",
                            "default_network_acl_id": "acl-0778e82ae6e085350",
                            "default_route_table_id": "rtb-012a773ca6aa361f5",
                            "default_security_group_id": "sg-09a11752463cd916a",
                            "dhcp_options_id": "dopt-731d240a",
                            "enable_classiclink": "false",
                            "enable_classiclink_dns_support": "false",
                            "enable_dns_hostnames": "false",
                            "enable_dns_support": "true",
                            "id": "vpc-05c61f208aec89d74",
                            "instance_tenancy": "default",
                            "ipv6_association_id": "",
                            "ipv6_cidr_block": "",
                            "main_route_table_id": "rtb-012a773ca6aa361f5",
                            "owner_id": "425610409781",
                            "tags.%": "1",
                            "tags.Name": "Main"
                        },
                        "meta": {
                            "schema_version": "1"
                        },
                        "tainted": false
                    },
                    "deposed": [],
                    "provider": "provider.aws"
                },
                "data.aws_availability_zones.azs": {
                    "type": "aws_availability_zones",
                    "depends_on": [],
                    "primary": {
                        "id": "2018-12-27 13:37:02.983169033 +0000 UTC",
                        "attributes": {
                            "id": "2018-12-27 13:37:02.983169033 +0000 UTC",
                            "names.#": "3",
                            "names.0": "us-west-2a",
                            "names.1": "us-west-2b",
                            "names.2": "us-west-2c",
                            "zone_ids.#": "3",
                            "zone_ids.0": "usw2-az2",
                            "zone_ids.1": "usw2-az1",
                            "zone_ids.2": "usw2-az3"
                        },
                        "meta": {},
                        "tainted": false
                    },
                    "deposed": [],
                    "provider": "provider.aws"
                }
            },
            "depends_on": []
        }
    ]
}
