{
    "version": 3,
    "terraform_version": "0.11.10",
    "serial": 1,
    "lineage": "a339d14d-1574-94c5-d841-a07de3bcde85",
    "modules": [
        {
            "path": [
                "root"
            ],
            "outputs": {},
            "resources": {},
            "depends_on": []
        },
        {
            "path": [
                "root",
                "my_ec2"
            ],
            "outputs": {},
            "resources": {
                "aws_instance.web.0": {
                    "type": "aws_instance",
                    "depends_on": [],
                    "primary": {
                        "id": "i-07ce3b0a7c13afdee",
                        "attributes": {
                            "ami": "ami-076e276d85f524150",
                            "arn": "arn:aws:ec2:us-west-2:425610409781:instance/i-07ce3b0a7c13afdee",
                            "associate_public_ip_address": "false",
                            "availability_zone": "us-west-2c",
                            "cpu_core_count": "1",
                            "cpu_threads_per_core": "1",
                            "credit_specification.#": "1",
                            "credit_specification.0.cpu_credits": "standard",
                            "disable_api_termination": "false",
                            "ebs_block_device.#": "0",
                            "ebs_optimized": "false",
                            "ephemeral_block_device.#": "0",
                            "get_password_data": "false",
                            "iam_instance_profile": "",
                            "id": "i-07ce3b0a7c13afdee",
                            "instance_state": "running",
                            "instance_type": "t2.micro",
                            "ipv6_addresses.#": "0",
                            "key_name": "",
                            "monitoring": "false",
                            "network_interface.#": "0",
                            "network_interface_id": "eni-07e2f3c2e57ad467e",
                            "password_data": "",
                            "placement_group": "",
                            "primary_network_interface_id": "eni-07e2f3c2e57ad467e",
                            "private_dns": "ip-192-168-1-183.us-west-2.compute.internal",
                            "private_ip": "192.168.1.183",
                            "public_dns": "",
                            "public_ip": "",
                            "root_block_device.#": "1",
                            "root_block_device.0.delete_on_termination": "true",
                            "root_block_device.0.iops": "100",
                            "root_block_device.0.volume_id": "vol-0b77f4c5ce7ee4561",
                            "root_block_device.0.volume_size": "8",
                            "root_block_device.0.volume_type": "gp2",
                            "security_groups.#": "0",
                            "source_dest_check": "true",
                            "subnet_id": "subnet-0d404f49d680788d9",
                            "tags.%": "1",
                            "tags.Name": "test-modules",
                            "tenancy": "default",
                            "volume_tags.%": "0",
                            "vpc_security_group_ids.#": "1",
                            "vpc_security_group_ids.1584494249": "sg-0b1acbd21798891f6"
                        },
                        "meta": {
                            "e2bfb730-ecaa-11e6-8f88-34363bc7c4c0": {
                                "create": 600000000000,
                                "delete": 1200000000000,
                                "update": 600000000000
                            },
                            "schema_version": "1"
                        },
                        "tainted": false
                    },
                    "deposed": [],
                    "provider": "provider.aws"
                },
                "aws_instance.web.1": {
                    "type": "aws_instance",
                    "depends_on": [],
                    "primary": {
                        "id": "i-078cbaf0c97f4bf07",
                        "attributes": {
                            "ami": "ami-076e276d85f524150",
                            "arn": "arn:aws:ec2:us-west-2:425610409781:instance/i-078cbaf0c97f4bf07",
                            "associate_public_ip_address": "false",
                            "availability_zone": "us-west-2c",
                            "cpu_core_count": "1",
                            "cpu_threads_per_core": "1",
                            "credit_specification.#": "1",
                            "credit_specification.0.cpu_credits": "standard",
                            "disable_api_termination": "false",
                            "ebs_block_device.#": "0",
                            "ebs_optimized": "false",
                            "ephemeral_block_device.#": "0",
                            "get_password_data": "false",
                            "iam_instance_profile": "",
                            "id": "i-078cbaf0c97f4bf07",
                            "instance_state": "running",
                            "instance_type": "t2.micro",
                            "ipv6_addresses.#": "0",
                            "key_name": "",
                            "monitoring": "false",
                            "network_interface.#": "0",
                            "network_interface_id": "eni-030c0876a3a441e31",
                            "password_data": "",
                            "placement_group": "",
                            "primary_network_interface_id": "eni-030c0876a3a441e31",
                            "private_dns": "ip-192-168-1-161.us-west-2.compute.internal",
                            "private_ip": "192.168.1.161",
                            "public_dns": "",
                            "public_ip": "",
                            "root_block_device.#": "1",
                            "root_block_device.0.delete_on_termination": "true",
                            "root_block_device.0.iops": "100",
                            "root_block_device.0.volume_id": "vol-0907503c09563e2a6",
                            "root_block_device.0.volume_size": "8",
                            "root_block_device.0.volume_type": "gp2",
                            "security_groups.#": "0",
                            "source_dest_check": "true",
                            "subnet_id": "subnet-0d404f49d680788d9",
                            "tags.%": "1",
                            "tags.Name": "test-modules",
                            "tenancy": "default",
                            "volume_tags.%": "0",
                            "vpc_security_group_ids.#": "1",
                            "vpc_security_group_ids.1584494249": "sg-0b1acbd21798891f6"
                        },
                        "meta": {
                            "e2bfb730-ecaa-11e6-8f88-34363bc7c4c0": {
                                "create": 600000000000,
                                "delete": 1200000000000,
                                "update": 600000000000
                            },
                            "schema_version": "1"
                        },
                        "tainted": false
                    },
                    "deposed": [],
                    "provider": "provider.aws"
                }
            },
            "depends_on": []
        },
        {
            "path": [
                "root",
                "my_vpc"
            ],
            "outputs": {
                "subnet_id": {
                    "sensitive": false,
                    "type": "string",
                    "value": "subnet-0d404f49d680788d9"
                },
                "vpc_id": {
                    "sensitive": false,
                    "type": "string",
                    "value": "vpc-054ef9e00a45d5033"
                }
            },
            "resources": {
                "aws_subnet.main": {
                    "type": "aws_subnet",
                    "depends_on": [],
                    "primary": {
                        "id": "subnet-0d404f49d680788d9",
                        "attributes": {
                            "arn": "arn:aws:ec2:us-west-2:425610409781:subnet/subnet-0d404f49d680788d9",
                            "assign_ipv6_address_on_creation": "false",
                            "availability_zone": "us-west-2c",
                            "availability_zone_id": "usw2-az3",
                            "cidr_block": "192.168.1.0/24",
                            "id": "subnet-0d404f49d680788d9",
                            "ipv6_cidr_block": "",
                            "ipv6_cidr_block_association_id": "",
                            "map_public_ip_on_launch": "false",
                            "owner_id": "425610409781",
                            "tags.%": "1",
                            "tags.name": "main",
                            "vpc_id": "vpc-054ef9e00a45d5033"
                        },
                        "meta": {
                            "e2bfb730-ecaa-11e6-8f88-34363bc7c4c0": {
                                "create": 600000000000,
                                "delete": 600000000000
                            },
                            "schema_version": "1"
                        },
                        "tainted": false
                    },
                    "deposed": [],
                    "provider": "provider.aws"
                },
                "aws_vpc.main": {
                    "type": "aws_vpc",
                    "depends_on": [],
                    "primary": {
                        "id": "vpc-054ef9e00a45d5033",
                        "attributes": {
                            "arn": "arn:aws:ec2:us-west-2:425610409781:vpc/vpc-054ef9e00a45d5033",
                            "assign_generated_ipv6_cidr_block": "false",
                            "cidr_block": "192.168.0.0/16",
                            "default_network_acl_id": "acl-01cb39ee5f0e9f778",
                            "default_route_table_id": "rtb-0242f2a7108d6497c",
                            "default_security_group_id": "sg-0b1acbd21798891f6",
                            "dhcp_options_id": "dopt-731d240a",
                            "enable_classiclink": "false",
                            "enable_classiclink_dns_support": "false",
                            "enable_dns_hostnames": "false",
                            "enable_dns_support": "true",
                            "id": "vpc-054ef9e00a45d5033",
                            "instance_tenancy": "default",
                            "ipv6_association_id": "",
                            "ipv6_cidr_block": "",
                            "main_route_table_id": "rtb-0242f2a7108d6497c",
                            "owner_id": "425610409781",
                            "tags.%": "1",
                            "tags.name": "main"
                        },
                        "meta": {
                            "schema_version": "1"
                        },
                        "tainted": false
                    },
                    "deposed": [],
                    "provider": "provider.aws"
                }
            },
            "depends_on": []
        }
    ]
}
